// !$*UTF8*$!
{
	archiveVersion = 1;
	classes = {
	};
	objectVersion = 48;
	objects = {

/* Begin PBXBuildFile section */
		180B70441F970FD1004140C0 /* AppDelegate.swift in Sources */ = {isa = PBXBuildFile; fileRef = 180B70431F970FD1004140C0 /* AppDelegate.swift */; };
		180B70461F970FD1004140C0 /* ViewController.swift in Sources */ = {isa = PBXBuildFile; fileRef = 180B70451F970FD1004140C0 /* ViewController.swift */; };
		180B70491F970FD1004140C0 /* Main.storyboard in Resources */ = {isa = PBXBuildFile; fileRef = 180B70471F970FD1004140C0 /* Main.storyboard */; };
		180B704B1F970FD1004140C0 /* Assets.xcassets in Resources */ = {isa = PBXBuildFile; fileRef = 180B704A1F970FD1004140C0 /* Assets.xcassets */; };
		180B704E1F970FD1004140C0 /* LaunchScreen.storyboard in Resources */ = {isa = PBXBuildFile; fileRef = 180B704C1F970FD1004140C0 /* LaunchScreen.storyboard */; };
		180B70591F970FD1004140C0 /* BarcelonaAppTests.swift in Sources */ = {isa = PBXBuildFile; fileRef = 180B70581F970FD1004140C0 /* BarcelonaAppTests.swift */; };
		180B70641F970FD1004140C0 /* BarcelonaAppUITests.swift in Sources */ = {isa = PBXBuildFile; fileRef = 180B70631F970FD1004140C0 /* BarcelonaAppUITests.swift */; };
/* End PBXBuildFile section */

/* Begin PBXContainerItemProxy section */
		180B70551F970FD1004140C0 /* PBXContainerItemProxy */ = {
			isa = PBXContainerItemProxy;
			containerPortal = 180B70381F970FD1004140C0 /* Project object */;
			proxyType = 1;
			remoteGlobalIDString = 180B703F1F970FD1004140C0;
			remoteInfo = BarcelonaApp;
		};
		180B70601F970FD1004140C0 /* PBXContainerItemProxy */ = {
			isa = PBXContainerItemProxy;
			containerPortal = 180B70381F970FD1004140C0 /* Project object */;
			proxyType = 1;
			remoteGlobalIDString = 180B703F1F970FD1004140C0;
			remoteInfo = BarcelonaApp;
		};
/* End PBXContainerItemProxy section */

/* Begin PBXFileReference section */
		180B70401F970FD1004140C0 /* BarcelonaApp.app */ = {isa = PBXFileReference; explicitFileType = wrapper.application; includeInIndex = 0; path = BarcelonaApp.app; sourceTree = BUILT_PRODUCTS_DIR; };
		180B70431F970FD1004140C0 /* AppDelegate.swift */ = {isa = PBXFileReference; lastKnownFileType = sourcecode.swift; path = AppDelegate.swift; sourceTree = "<group>"; };
		180B70451F970FD1004140C0 /* ViewController.swift */ = {isa = PBXFileReference; lastKnownFileType = sourcecode.swift; path = ViewController.swift; sourceTree = "<group>"; };
		180B70481F970FD1004140C0 /* Base */ = {isa = PBXFileReference; lastKnownFileType = file.storyboard; name = Base; path = Base.lproj/Main.storyboard; sourceTree = "<group>"; };
		180B704A1F970FD1004140C0 /* Assets.xcassets */ = {isa = PBXFileReference; lastKnownFileType = folder.assetcatalog; path = Assets.xcassets; sourceTree = "<group>"; };
		180B704D1F970FD1004140C0 /* Base */ = {isa = PBXFileReference; lastKnownFileType = file.storyboard; name = Base; path = Base.lproj/LaunchScreen.storyboard; sourceTree = "<group>"; };
		180B704F1F970FD1004140C0 /* Info.plist */ = {isa = PBXFileReference; lastKnownFileType = text.plist.xml; path = Info.plist; sourceTree = "<group>"; };
		180B70541F970FD1004140C0 /* BarcelonaAppTests.xctest */ = {isa = PBXFileReference; explicitFileType = wrapper.cfbundle; includeInIndex = 0; path = BarcelonaAppTests.xctest; sourceTree = BUILT_PRODUCTS_DIR; };
		180B70581F970FD1004140C0 /* BarcelonaAppTests.swift */ = {isa = PBXFileReference; lastKnownFileType = sourcecode.swift; path = BarcelonaAppTests.swift; sourceTree = "<group>"; };
		180B705A1F970FD1004140C0 /* Info.plist */ = {isa = PBXFileReference; lastKnownFileType = text.plist.xml; path = Info.plist; sourceTree = "<group>"; };
		180B705F1F970FD1004140C0 /* BarcelonaAppUITests.xctest */ = {isa = PBXFileReference; explicitFileType = wrapper.cfbundle; includeInIndex = 0; path = BarcelonaAppUITests.xctest; sourceTree = BUILT_PRODUCTS_DIR; };
		180B70631F970FD1004140C0 /* BarcelonaAppUITests.swift */ = {isa = PBXFileReference; lastKnownFileType = sourcecode.swift; path = BarcelonaAppUITests.swift; sourceTree = "<group>"; };
		180B70651F970FD1004140C0 /* Info.plist */ = {isa = PBXFileReference; lastKnownFileType = text.plist.xml; path = Info.plist; sourceTree = "<group>"; };
/* End PBXFileReference section */

/* Begin PBXFrameworksBuildPhase section */
		180B703D1F970FD1004140C0 /* Frameworks */ = {
			isa = PBXFrameworksBuildPhase;
			buildActionMask = 2147483647;
			files = (
			);
			runOnlyForDeploymentPostprocessing = 0;
		};
		180B70511F970FD1004140C0 /* Frameworks */ = {
			isa = PBXFrameworksBuildPhase;
			buildActionMask = 2147483647;
			files = (
			);
			runOnlyForDeploymentPostprocessing = 0;
		};
		180B705C1F970FD1004140C0 /* Frameworks */ = {
			isa = PBXFrameworksBuildPhase;
			buildActionMask = 2147483647;
			files = (
			);
			runOnlyForDeploymentPostprocessing = 0;
		};
/* End PBXFrameworksBuildPhase section */

/* Begin PBXGroup section */
		180B70371F970FD1004140C0 = {
			isa = PBXGroup;
			children = (
				180B70421F970FD1004140C0 /* BarcelonaApp */,
				180B70571F970FD1004140C0 /* BarcelonaAppTests */,
				180B70621F970FD1004140C0 /* BarcelonaAppUITests */,
				180B70411F970FD1004140C0 /* Products */,
			);
			sourceTree = "<group>";
		};
		180B70411F970FD1004140C0 /* Products */ = {
			isa = PBXGroup;
			children = (
				180B70401F970FD1004140C0 /* BarcelonaApp.app */,
				180B70541F970FD1004140C0 /* BarcelonaAppTests.xctest */,
				180B705F1F970FD1004140C0 /* BarcelonaAppUITests.xctest */,
			);
			name = Products;
			sourceTree = "<group>";
		};
		180B70421F970FD1004140C0 /* BarcelonaApp */ = {
			isa = PBXGroup;
			children = (
				180B70431F970FD1004140C0 /* AppDelegate.swift */,
				180B70451F970FD1004140C0 /* ViewController.swift */,
				180B70471F970FD1004140C0 /* Main.storyboard */,
				180B704A1F970FD1004140C0 /* Assets.xcassets */,
				180B704C1F970FD1004140C0 /* LaunchScreen.storyboard */,
				180B704F1F970FD1004140C0 /* Info.plist */,
			);
			path = BarcelonaApp;
			sourceTree = "<group>";
		};
		180B70571F970FD1004140C0 /* BarcelonaAppTests */ = {
			isa = PBXGroup;
			children = (
				180B70581F970FD1004140C0 /* BarcelonaAppTests.swift */,
				180B705A1F970FD1004140C0 /* Info.plist */,
			);
			path = BarcelonaAppTests;
			sourceTree = "<group>";
		};
		180B70621F970FD1004140C0 /* BarcelonaAppUITests */ = {
			isa = PBXGroup;
			children = (
				180B70631F970FD1004140C0 /* BarcelonaAppUITests.swift */,
				180B70651F970FD1004140C0 /* Info.plist */,
			);
			path = BarcelonaAppUITests;
			sourceTree = "<group>";
		};
/* End PBXGroup section */

/* Begin PBXNativeTarget section */
		180B703F1F970FD1004140C0 /* BarcelonaApp */ = {
			isa = PBXNativeTarget;
			buildConfigurationList = 180B70681F970FD1004140C0 /* Build configuration list for PBXNativeTarget "BarcelonaApp" */;
			buildPhases = (
				180B703C1F970FD1004140C0 /* Sources */,
				180B703D1F970FD1004140C0 /* Frameworks */,
				180B703E1F970FD1004140C0 /* Resources */,
			);
			buildRules = (
			);
			dependencies = (
			);
			name = BarcelonaApp;
			productName = BarcelonaApp;
			productReference = 180B70401F970FD1004140C0 /* BarcelonaApp.app */;
			productType = "com.apple.product-type.application";
		};
		180B70531F970FD1004140C0 /* BarcelonaAppTests */ = {
			isa = PBXNativeTarget;
			buildConfigurationList = 180B706B1F970FD1004140C0 /* Build configuration list for PBXNativeTarget "BarcelonaAppTests" */;
			buildPhases = (
				180B70501F970FD1004140C0 /* Sources */,
				180B70511F970FD1004140C0 /* Frameworks */,
				180B70521F970FD1004140C0 /* Resources */,
			);
			buildRules = (
			);
			dependencies = (
				180B70561F970FD1004140C0 /* PBXTargetDependency */,
			);
			name = BarcelonaAppTests;
			productName = BarcelonaAppTests;
			productReference = 180B70541F970FD1004140C0 /* BarcelonaAppTests.xctest */;
			productType = "com.apple.product-type.bundle.unit-test";
		};
		180B705E1F970FD1004140C0 /* BarcelonaAppUITests */ = {
			isa = PBXNativeTarget;
			buildConfigurationList = 180B706E1F970FD1004140C0 /* Build configuration list for PBXNativeTarget "BarcelonaAppUITests" */;
			buildPhases = (
				180B705B1F970FD1004140C0 /* Sources */,
				180B705C1F970FD1004140C0 /* Frameworks */,
				180B705D1F970FD1004140C0 /* Resources */,
			);
			buildRules = (
			);
			dependencies = (
				180B70611F970FD1004140C0 /* PBXTargetDependency */,
			);
			name = BarcelonaAppUITests;
			productName = BarcelonaAppUITests;
			productReference = 180B705F1F970FD1004140C0 /* BarcelonaAppUITests.xctest */;
			productType = "com.apple.product-type.bundle.ui-testing";
		};
/* End PBXNativeTarget section */

/* Begin PBXProject section */
		180B70381F970FD1004140C0 /* Project object */ = {
			isa = PBXProject;
			attributes = {
				LastSwiftUpdateCheck = 0900;
				LastUpgradeCheck = 0900;
				ORGANIZATIONNAME = Apple;
				TargetAttributes = {
					180B703F1F970FD1004140C0 = {
						CreatedOnToolsVersion = 9.0;
						ProvisioningStyle = Automatic;
					};
					180B70531F970FD1004140C0 = {
						CreatedOnToolsVersion = 9.0;
						ProvisioningStyle = Automatic;
						TestTargetID = 180B703F1F970FD1004140C0;
					};
					180B705E1F970FD1004140C0 = {
						CreatedOnToolsVersion = 9.0;
						ProvisioningStyle = Automatic;
						TestTargetID = 180B703F1F970FD1004140C0;
					};
				};
			};
			buildConfigurationList = 180B703B1F970FD1004140C0 /* Build configuration list for PBXProject "BarcelonaApp" */;
			compatibilityVersion = "Xcode 8.0";
			developmentRegion = en;
			hasScannedForEncodings = 0;
			knownRegions = (
				en,
				Base,
			);
			mainGroup = 180B70371F970FD1004140C0;
			productRefGroup = 180B70411F970FD1004140C0 /* Products */;
			projectDirPath = "";
			projectRoot = "";
			targets = (
				180B703F1F970FD1004140C0 /* BarcelonaApp */,
				180B70531F970FD1004140C0 /* BarcelonaAppTests */,
				180B705E1F970FD1004140C0 /* BarcelonaAppUITests */,
			);
		};
/* End PBXProject section */

/* Begin PBXResourcesBuildPhase section */
		180B703E1F970FD1004140C0 /* Resources */ = {
			isa = PBXResourcesBuildPhase;
			buildActionMask = 2147483647;
			files = (
				180B704E1F970FD1004140C0 /* LaunchScreen.storyboard in Resources */,
				180B704B1F970FD1004140C0 /* Assets.xcassets in Resources */,
				180B70491F970FD1004140C0 /* Main.storyboard in Resources */,
			);
			runOnlyForDeploymentPostprocessing = 0;
		};
		180B70521F970FD1004140C0 /* Resources */ = {
			isa = PBXResourcesBuildPhase;
			buildActionMask = 2147483647;
			files = (
			);
			runOnlyForDeploymentPostprocessing = 0;
		};
		180B705D1F970FD1004140C0 /* Resources */ = {
			isa = PBXResourcesBuildPhase;
			buildActionMask = 2147483647;
			files = (
			);
			runOnlyForDeploymentPostprocessing = 0;
		};
/* End PBXResourcesBuildPhase section */

/* Begin PBXSourcesBuildPhase section */
		180B703C1F970FD1004140C0 /* Sources */ = {
			isa = PBXSourcesBuildPhase;
			buildActionMask = 2147483647;
			files = (
				180B70461F970FD1004140C0 /* ViewController.swift in Sources */,
				180B70441F970FD1004140C0 /* AppDelegate.swift in Sources */,
			);
			runOnlyForDeploymentPostprocessing = 0;
		};
		180B70501F970FD1004140C0 /* Sources */ = {
			isa = PBXSourcesBuildPhase;
			buildActionMask = 2147483647;
			files = (
				180B70591F970FD1004140C0 /* BarcelonaAppTests.swift in Sources */,
			);
			runOnlyForDeploymentPostprocessing = 0;
		};
		180B705B1F970FD1004140C0 /* Sources */ = {
			isa = PBXSourcesBuildPhase;
			buildActionMask = 2147483647;
			files = (
				180B70641F970FD1004140C0 /* BarcelonaAppUITests.swift in Sources */,
			);
			runOnlyForDeploymentPostprocessing = 0;
		};
/* End PBXSourcesBuildPhase section */

/* Begin PBXTargetDependency section */
		180B70561F970FD1004140C0 /* PBXTargetDependency */ = {
			isa = PBXTargetDependency;
			target = 180B703F1F970FD1004140C0 /* BarcelonaApp */;
			targetProxy = 180B70551F970FD1004140C0 /* PBXContainerItemProxy */;
		};
		180B70611F970FD1004140C0 /* PBXTargetDependency */ = {
			isa = PBXTargetDependency;
			target = 180B703F1F970FD1004140C0 /* BarcelonaApp */;
			targetProxy = 180B70601F970FD1004140C0 /* PBXContainerItemProxy */;
		};
/* End PBXTargetDependency section */

/* Begin PBXVariantGroup section */
		180B70471F970FD1004140C0 /* Main.storyboard */ = {
			isa = PBXVariantGroup;
			children = (
				180B70481F970FD1004140C0 /* Base */,
			);
			name = Main.storyboard;
			sourceTree = "<group>";
		};
		180B704C1F970FD1004140C0 /* LaunchScreen.storyboard */ = {
			isa = PBXVariantGroup;
			children = (
				180B704D1F970FD1004140C0 /* Base */,
			);
			name = LaunchScreen.storyboard;
			sourceTree = "<group>";
		};
/* End PBXVariantGroup section */

/* Begin XCBuildConfiguration section */
		180B70661F970FD1004140C0 /* Debug */ = {
			isa = XCBuildConfiguration;
			buildSettings = {
				ALWAYS_SEARCH_USER_PATHS = NO;
				CLANG_ANALYZER_NONNULL = YES;
				CLANG_ANALYZER_NUMBER_OBJECT_CONVERSION = YES_AGGRESSIVE;
				CLANG_CXX_LANGUAGE_STANDARD = "gnu++14";
				CLANG_CXX_LIBRARY = "libc++";
				CLANG_ENABLE_MODULES = YES;
				CLANG_ENABLE_OBJC_ARC = YES;
				CLANG_WARN_BLOCK_CAPTURE_AUTORELEASING = YES;
				CLANG_WARN_BOOL_CONVERSION = YES;
				CLANG_WARN_COMMA = YES;
				CLANG_WARN_CONSTANT_CONVERSION = YES;
				CLANG_WARN_DIRECT_OBJC_ISA_USAGE = YES_ERROR;
				CLANG_WARN_DOCUMENTATION_COMMENTS = YES;
				CLANG_WARN_EMPTY_BODY = YES;
				CLANG_WARN_ENUM_CONVERSION = YES;
				CLANG_WARN_INFINITE_RECURSION = YES;
				CLANG_WARN_INT_CONVERSION = YES;
				CLANG_WARN_NON_LITERAL_NULL_CONVERSION = YES;
				CLANG_WARN_OBJC_LITERAL_CONVERSION = YES;
				CLANG_WARN_OBJC_ROOT_CLASS = YES_ERROR;
				CLANG_WARN_RANGE_LOOP_ANALYSIS = YES;
				CLANG_WARN_STRICT_PROTOTYPES = YES;
				CLANG_WARN_SUSPICIOUS_MOVE = YES;
				CLANG_WARN_UNGUARDED_AVAILABILITY = YES_AGGRESSIVE;
				CLANG_WARN_UNREACHABLE_CODE = YES;
				CLANG_WARN__DUPLICATE_METHOD_MATCH = YES;
				CODE_SIGN_IDENTITY = "iPhone Developer";
				COPY_PHASE_STRIP = NO;
				DEBUG_INFORMATION_FORMAT = dwarf;
				ENABLE_STRICT_OBJC_MSGSEND = YES;
				ENABLE_TESTABILITY = YES;
				GCC_C_LANGUAGE_STANDARD = gnu11;
				GCC_DYNAMIC_NO_PIC = NO;
				GCC_NO_COMMON_BLOCKS = YES;
				GCC_OPTIMIZATION_LEVEL = 0;
				GCC_PREPROCESSOR_DEFINITIONS = (
					"DEBUG=1",
					"$(inherited)",
				);
				GCC_WARN_64_TO_32_BIT_CONVERSION = YES;
				GCC_WARN_ABOUT_RETURN_TYPE = YES_ERROR;
				GCC_WARN_UNDECLARED_SELECTOR = YES;
				GCC_WARN_UNINITIALIZED_AUTOS = YES_AGGRESSIVE;
				GCC_WARN_UNUSED_FUNCTION = YES;
				GCC_WARN_UNUSED_VARIABLE = YES;
				IPHONEOS_DEPLOYMENT_TARGET = 11.0;
				MTL_ENABLE_DEBUG_INFO = YES;
				ONLY_ACTIVE_ARCH = YES;
				SDKROOT = iphoneos;
				SWIFT_ACTIVE_COMPILATION_CONDITIONS = DEBUG;
				SWIFT_OPTIMIZATION_LEVEL = "-Onone";
			};
			name = Debug;
		};
		180B70671F970FD1004140C0 /* Release */ = {
			isa = XCBuildConfiguration;
			buildSettings = {
				ALWAYS_SEARCH_USER_PATHS = NO;
				CLANG_ANALYZER_NONNULL = YES;
				CLANG_ANALYZER_NUMBER_OBJECT_CONVERSION = YES_AGGRESSIVE;
				CLANG_CXX_LANGUAGE_STANDARD = "gnu++14";
				CLANG_CXX_LIBRARY = "libc++";
				CLANG_ENABLE_MODULES = YES;
				CLANG_ENABLE_OBJC_ARC = YES;
				CLANG_WARN_BLOCK_CAPTURE_AUTORELEASING = YES;
				CLANG_WARN_BOOL_CONVERSION = YES;
				CLANG_WARN_COMMA = YES;
				CLANG_WARN_CONSTANT_CONVERSION = YES;
				CLANG_WARN_DIRECT_OBJC_ISA_USAGE = YES_ERROR;
				CLANG_WARN_DOCUMENTATION_COMMENTS = YES;
				CLANG_WARN_EMPTY_BODY = YES;
				CLANG_WARN_ENUM_CONVERSION = YES;
				CLANG_WARN_INFINITE_RECURSION = YES;
				CLANG_WARN_INT_CONVERSION = YES;
				CLANG_WARN_NON_LITERAL_NULL_CONVERSION = YES;
				CLANG_WARN_OBJC_LITERAL_CONVERSION = YES;
				CLANG_WARN_OBJC_ROOT_CLASS = YES_ERROR;
				CLANG_WARN_RANGE_LOOP_ANALYSIS = YES;
				CLANG_WARN_STRICT_PROTOTYPES = YES;
				CLANG_WARN_SUSPICIOUS_MOVE = YES;
				CLANG_WARN_UNGUARDED_AVAILABILITY = YES_AGGRESSIVE;
				CLANG_WARN_UNREACHABLE_CODE = YES;
				CLANG_WARN__DUPLICATE_METHOD_MATCH = YES;
				CODE_SIGN_IDENTITY = "iPhone Developer";
				COPY_PHASE_STRIP = NO;
				DEBUG_INFORMATION_FORMAT = "dwarf-with-dsym";
				ENABLE_NS_ASSERTIONS = NO;
				ENABLE_STRICT_OBJC_MSGSEND = YES;
				GCC_C_LANGUAGE_STANDARD = gnu11;
				GCC_NO_COMMON_BLOCKS = YES;
				GCC_WARN_64_TO_32_BIT_CONVERSION = YES;
				GCC_WARN_ABOUT_RETURN_TYPE = YES_ERROR;
				GCC_WARN_UNDECLARED_SELECTOR = YES;
				GCC_WARN_UNINITIALIZED_AUTOS = YES_AGGRESSIVE;
				GCC_WARN_UNUSED_FUNCTION = YES;
				GCC_WARN_UNUSED_VARIABLE = YES;
				IPHONEOS_DEPLOYMENT_TARGET = 11.0;
				MTL_ENABLE_DEBUG_INFO = NO;
				SDKROOT = iphoneos;
				SWIFT_OPTIMIZATION_LEVEL = "-Owholemodule";
				VALIDATE_PRODUCT = YES;
			};
			name = Release;
		};
		180B70691F970FD1004140C0 /* Debug */ = {
			isa = XCBuildConfiguration;
			buildSettings = {
				ASSETCATALOG_COMPILER_APPICON_NAME = AppIcon;
				CODE_SIGN_STYLE = Automatic;
				INFOPLIST_FILE = BarcelonaApp/Info.plist;
				LD_RUNPATH_SEARCH_PATHS = "$(inherited) @executable_path/Frameworks";
				PRODUCT_BUNDLE_IDENTIFIER = kbtu.BarcelonaApp;
				PRODUCT_NAME = "$(TARGET_NAME)";
				SWIFT_VERSION = 4.0;
				TARGETED_DEVICE_FAMILY = "1,2";
			};
			name = Debug;
		};
		180B706A1F970FD1004140C0 /* Release */ = {
			isa = XCBuildConfiguration;
			buildSettings = {
				ASSETCATALOG_COMPILER_APPICON_NAME = AppIcon;
				CODE_SIGN_STYLE = Automatic;
				INFOPLIST_FILE = BarcelonaApp/Info.plist;
				LD_RUNPATH_SEARCH_PATHS = "$(inherited) @executable_path/Frameworks";
				PRODUCT_BUNDLE_IDENTIFIER = kbtu.BarcelonaApp;
				PRODUCT_NAME = "$(TARGET_NAME)";
				SWIFT_VERSION = 4.0;
				TARGETED_DEVICE_FAMILY = "1,2";
			};
			name = Release;
		};
		180B706C1F970FD1004140C0 /* Debug */ = {
			isa = XCBuildConfiguration;
			buildSettings = {
				ALWAYS_EMBED_SWIFT_STANDARD_LIBRARIES = YES;
				BUNDLE_LOADER = "$(TEST_HOST)";
				CODE_SIGN_STYLE = Automatic;
				INFOPLIST_FILE = BarcelonaAppTests/Info.plist;
				LD_RUNPATH_SEARCH_PATHS = "$(inherited) @executable_path/Frameworks @loader_path/Frameworks";
				PRODUCT_BUNDLE_IDENTIFIER = kbtu.BarcelonaAppTests;
				PRODUCT_NAME = "$(TARGET_NAME)";
				SWIFT_VERSION = 4.0;
				TARGETED_DEVICE_FAMILY = "1,2";
				TEST_HOST = "$(BUILT_PRODUCTS_DIR)/BarcelonaApp.app/BarcelonaApp";
			};
			name = Debug;
		};
		180B706D1F970FD1004140C0 /* Release */ = {
			isa = XCBuildConfiguration;
			buildSettings = {
				ALWAYS_EMBED_SWIFT_STANDARD_LIBRARIES = YES;
				BUNDLE_LOADER = "$(TEST_HOST)";
				CODE_SIGN_STYLE = Automatic;
				INFOPLIST_FILE = BarcelonaAppTests/Info.plist;
				LD_RUNPATH_SEARCH_PATHS = "$(inherited) @executable_path/Frameworks @loader_path/Frameworks";
				PRODUCT_BUNDLE_IDENTIFIER = kbtu.BarcelonaAppTests;
				PRODUCT_NAME = "$(TARGET_NAME)";
				SWIFT_VERSION = 4.0;
				TARGETED_DEVICE_FAMILY = "1,2";
				TEST_HOST = "$(BUILT_PRODUCTS_DIR)/BarcelonaApp.app/BarcelonaApp";
			};
			name = Release;
		};
		180B706F1F970FD1004140C0 /* Debug */ = {
			isa = XCBuildConfiguration;
			buildSettings = {
				ALWAYS_EMBED_SWIFT_STANDARD_LIBRARIES = YES;
				CODE_SIGN_STYLE = Automatic;
				INFOPLIST_FILE = BarcelonaAppUITests/Info.plist;
				LD_RUNPATH_SEARCH_PATHS = "$(inherited) @executable_path/Frameworks @loader_path/Frameworks";
				PRODUCT_BUNDLE_IDENTIFIER = kbtu.BarcelonaAppUITests;
				PRODUCT_NAME = "$(TARGET_NAME)";
				SWIFT_VERSION = 4.0;
				TARGETED_DEVICE_FAMILY = "1,2";
				TEST_TARGET_NAME = BarcelonaApp;
			};
			name = Debug;
		};
		180B70701F970FD1004140C0 /* Release */ = {
			isa = XCBuildConfiguration;
			buildSettings = {
				ALWAYS_EMBED_SWIFT_STANDARD_LIBRARIES = YES;
				CODE_SIGN_STYLE = Automatic;
				INFOPLIST_FILE = BarcelonaAppUITests/Info.plist;
				LD_RUNPATH_SEARCH_PATHS = "$(inherited) @executable_path/Frameworks @loader_path/Frameworks";
				PRODUCT_BUNDLE_IDENTIFIER = kbtu.BarcelonaAppUITests;
				PRODUCT_NAME = "$(TARGET_NAME)";
				SWIFT_VERSION = 4.0;
				TARGETED_DEVICE_FAMILY = "1,2";
				TEST_TARGET_NAME = BarcelonaApp;
			};
			name = Release;
		};
/* End XCBuildConfiguration section */

/* Begin XCConfigurationList section */
		180B703B1F970FD1004140C0 /* Build configuration list for PBXProject "BarcelonaApp" */ = {
			isa = XCConfigurationList;
			buildConfigurations = (
				180B70661F970FD1004140C0 /* Debug */,
				180B70671F970FD1004140C0 /* Release */,
			);
			defaultConfigurationIsVisible = 0;
			defaultConfigurationName = Release;
		};
		180B70681F970FD1004140C0 /* Build configuration list for PBXNativeTarget "BarcelonaApp" */ = {
			isa = XCConfigurationList;
			buildConfigurations = (
				180B70691F970FD1004140C0 /* Debug */,
				180B706A1F970FD1004140C0 /* Release */,
			);
			defaultConfigurationIsVisible = 0;
			defaultConfigurationName = Release;
		};
		180B706B1F970FD1004140C0 /* Build configuration list for PBXNativeTarget "BarcelonaAppTests" */ = {
			isa = XCConfigurationList;
			buildConfigurations = (
				180B706C1F970FD1004140C0 /* Debug */,
				180B706D1F970FD1004140C0 /* Release */,
			);
			defaultConfigurationIsVisible = 0;
			defaultConfigurationName = Release;
		};
		180B706E1F970FD1004140C0 /* Build configuration list for PBXNativeTarget "BarcelonaAppUITests" */ = {
			isa = XCConfigurationList;
			buildConfigurations = (
				180B706F1F970FD1004140C0 /* Debug */,
				180B70701F970FD1004140C0 /* Release */,
			);
			defaultConfigurationIsVisible = 0;
			defaultConfigurationName = Release;
		};
/* End XCConfigurationList section */
	};
	rootObject = 180B70381F970FD1004140C0 /* Project object */;
}
